
Microsoft Visual Studio Solution File, Format Version 12.00
# Visual Studio Version 17
VisualStudioVersion = 17.8.34330.188
MinimumVisualStudioVersion = 10.0.40219.1
Project("{FAE04EC0-301F-11D3-BF4B-00C04F79EFBC}") = "MyFirstCSharpProgram", "MyFirstCSharpProgram.csproj", "{A5CDB802-135F-4AD9-9AA1-C9C30001258B}"
EndProject
Global
	GlobalSection(SolutionConfigurationPlatforms) = preSolution
		Debug|Any CPU = Debug|Any CPU
		Release|Any CPU = Release|Any CPU
	EndGlobalSection
	GlobalSection(ProjectConfigurationPlatforms) = postSolution
		{A5CDB802-135F-4AD9-9AA1-C9C30001258B}.Debug|Any CPU.ActiveCfg = Debug|Any CPU
		{A5CDB802-135F-4AD9-9AA1-C9C30001258B}.Debug|Any CPU.Build.0 = Debug|Any CPU
		{A5CDB802-135F-4AD9-9AA1-C9C30001258B}.Release|Any CPU.ActiveCfg = Release|Any CPU
		{A5CDB802-135F-4AD9-9AA1-C9C30001258B}.Release|Any CPU.Build.0 = Release|Any CPU
	EndGlobalSection
	GlobalSection(SolutionProperties) = preSolution
		HideSolutionNode = FALSE
	EndGlobalSection
	GlobalSection(ExtensibilityGlobals) = postSolution
		SolutionGuid = {19102894-D6B4-4706-81AF-178A5887E9E9}
	EndGlobalSection
EndGlobal
